<?xml version="1.0" encoding="utf-8"?>
<Project ToolsVersion="4.0" xmlns="http://schemas.microsoft.com/developer/msbuild/2003">
  <ItemGroup>
    <Filter Include="Source Files">
      <UniqueIdentifier>{4FC737F1-C7A5-4376-A066-2A32D752A2FF}</UniqueIdentifier>
      <Extensions>cpp;c;cc;cxx;def;odl;idl;hpj;bat;asm;asmx</Extensions>
    </Filter>
    <Filter Include="Header Files">
      <UniqueIdentifier>{93995380-89BD-4b04-88EB-625FBE52EBFB}</UniqueIdentifier>
      <Extensions>h;hpp;hxx;hm;inl;inc;xsd</Extensions>
    </Filter>
  </ItemGroup>
  <ItemGroup>
    <ClCompile Include="HWClient.cpp">
      <Filter>Source Files</Filter>
    </ClCompile>
    <ClCompile Include="HWWindow.cpp">
      <Filter>Source Files</Filter>
    </ClCompile>
    <ClCompile Include="HWBuffer.cpp">
      <Filter>Source Files</Filter>
    </ClCompile>
    <ClCompile Include="HWDeviceContext.cpp">
      <Filter>Source Files</Filter>
    </ClCompile>
    <ClCompile Include="HWShader.cpp">
      <Filter>Source Files</Filter>
    </ClCompile>
    <ClCompile Include="HWShaderProgram.cpp">
      <Filter>Source Files</Filter>
    </ClCompile>
    <ClCompile Include="HWTexture.cpp">
      <Filter>Source Files</Filter>
    </ClCompile>
    <ClCompile Include="HWVertexFormat.cpp">
      <Filter>Source Files</Filter>
    </ClCompile>
    <ClCompile Include="HWVertexBuffer.cpp">
      <Filter>Source Files</Filter>
    </ClCompile>
    <ClCompile Include="HWIndexBuffer.cpp">
      <Filter>Source Files</Filter>
    </ClCompile>
    <ClCompile Include="HWModel.cpp">
      <Filter>Source Files</Filter>
    </ClCompile>
    <ClCompile Include="HWHeightMapRenderer.cpp">
      <Filter>Source Files</Filter>
    </ClCompile>
    <ClCompile Include="HWCamera.cpp">
      <Filter>Source Files</Filter>
    </ClCompile>
    <ClCompile Include="HWTileSet.cpp">
      <Filter>Source Files</Filter>
    </ClCompile>
    <ClCompile Include="HWTileCharacter.cpp">
      <Filter>Source Files</Filter>
    </ClCompile>
    <ClCompile Include="HWTilePathFinder.cpp">
      <Filter>Source Files</Filter>
    </ClCompile>
    <ClCompile Include="HWFont.cpp">
      <Filter>Source Files</Filter>
    </ClCompile>
    <ClCompile Include="HWText.cpp">
      <Filter>Source Files</Filter>
    </ClCompile>
    <ClCompile Include="HWTextureAtlas.cpp">
      <Filter>Source Files</Filter>
    </ClCompile>
  </ItemGroup>
  <ItemGroup>
    <ClInclude Include="pch.h">
      <Filter>Header Files</Filter>
    </ClInclude>
    <ClInclude Include="HWWindow.h">
      <Filter>Header Files</Filter>
    </ClInclude>
    <ClInclude Include="HWShader.h">
      <Filter>Header Files</Filter>
    </ClInclude>
    <ClInclude Include="HWGL.h">
      <Filter>Header Files</Filter>
    </ClInclude>
    <ClInclude Include="HWDeviceContext.h">
      <Filter>Header Files</Filter>
    </ClInclude>
    <ClInclude Include="HWBuffer.h">
      <Filter>Header Files</Filter>
    </ClInclude>
    <ClInclude Include="HWShaderProgram.h">
      <Filter>Header Files</Filter>
    </ClInclude>
    <ClInclude Include="HWTexture.h">
      <Filter>Header Files</Filter>
    </ClInclude>
    <ClInclude Include="HWVertexFormat.h">
      <Filter>Header Files</Filter>
    </ClInclude>
    <ClInclude Include="HWVertexBuffer.h">
      <Filter>Header Files</Filter>
    </ClInclude>
    <ClInclude Include="HWIndexBuffer.h">
      <Filter>Header Files</Filter>
    </ClInclude>
    <ClInclude Include="HWModel.h">
      <Filter>Header Files</Filter>
    </ClInclude>
    <ClInclude Include="HWHeightMapRenderer.h">
      <Filter>Header Files</Filter>
    </ClInclude>
    <ClInclude Include="HWCamera.h">
      <Filter>Header Files</Filter>
    </ClInclude>
    <ClInclude Include="HWTileSet.h">
      <Filter>Header Files</Filter>
    </ClInclude>
    <ClInclude Include="HWTileCharacter.h">
      <Filter>Header Files</Filter>
    </ClInclude>
    <ClInclude Include="HWTilePathFinder.h">
      <Filter>Header Files</Filter>
    </ClInclude>
    <ClInclude Include="HWFont.h">
      <Filter>Header Files</Filter>
    </ClInclude>
    <ClInclude Include="HWText.h">
      <Filter>Header Files</Filter>
    </ClInclude>
    <ClInclude Include="HWTextureAtlas.h">
      <Filter>Header Files</Filter>
    </ClInclude>
  </ItemGroup>
</Project>